
Microsoft Visual Studio Solution File, Format Version 12.00
Project("{FAE04EC0-301F-11D3-BF4B-00C04F79EFBC}") = "csharp", "csharp.csproj", "{8785D215-2B1D-45FE-9511-FA45E328CBFE}"
EndProject
Global
	GlobalSection(SolutionConfigurationPlatforms) = preSolution
		Debug|Any CPU = Debug|Any CPU
		Release|Any CPU = Release|Any CPU
	EndGlobalSection
	GlobalSection(ProjectConfigurationPlatforms) = postSolution
		{8785D215-2B1D-45FE-9511-FA45E328CBFE}.Debug|Any CPU.ActiveCfg = Debug|Any CPU
		{8785D215-2B1D-45FE-9511-FA45E328CBFE}.Debug|Any CPU.Build.0 = Debug|Any CPU
		{8785D215-2B1D-45FE-9511-FA45E328CBFE}.Release|Any CPU.ActiveCfg = Release|Any CPU
		{8785D215-2B1D-45FE-9511-FA45E328CBFE}.Release|Any CPU.Build.0 = Release|Any CPU
	EndGlobalSection
EndGlobal
